// !$*UTF8*$!
{
	archiveVersion = 1;
	classes = {
	};
	objectVersion = 56;
	objects = {

/* Begin PBXBuildFile section */
		87940EF12A8BD48E001312B1 /* petMinderApp.swift in Sources */ = {isa = PBXBuildFile; fileRef = 87940EF02A8BD48E001312B1 /* petMinderApp.swift */; };
		87940EF32A8BD48E001312B1 /* ContentView.swift in Sources */ = {isa = PBXBuildFile; fileRef = 87940EF22A8BD48E001312B1 /* ContentView.swift */; };
		87940EF52A8BD48F001312B1 /* Assets.xcassets in Resources */ = {isa = PBXBuildFile; fileRef = 87940EF42A8BD48F001312B1 /* Assets.xcassets */; };
		87940EF82A8BD48F001312B1 /* Preview Assets.xcassets in Resources */ = {isa = PBXBuildFile; fileRef = 87940EF72A8BD48F001312B1 /* Preview Assets.xcassets */; };
		87940EFA2A8BD48F001312B1 /* Persistence.swift in Sources */ = {isa = PBXBuildFile; fileRef = 87940EF92A8BD48F001312B1 /* Persistence.swift */; };
		87940EFD2A8BD48F001312B1 /* petMinder.xcdatamodeld in Sources */ = {isa = PBXBuildFile; fileRef = 87940EFB2A8BD48F001312B1 /* petMinder.xcdatamodeld */; };
		87940F082A8BD48F001312B1 /* petMinderTests.swift in Sources */ = {isa = PBXBuildFile; fileRef = 87940F072A8BD48F001312B1 /* petMinderTests.swift */; };
		87940F122A8BD48F001312B1 /* petMinderUITests.swift in Sources */ = {isa = PBXBuildFile; fileRef = 87940F112A8BD48F001312B1 /* petMinderUITests.swift */; };
		87940F142A8BD48F001312B1 /* petMinderUITestsLaunchTests.swift in Sources */ = {isa = PBXBuildFile; fileRef = 87940F132A8BD48F001312B1 /* petMinderUITestsLaunchTests.swift */; };
		87940F212A8BD602001312B1 /* PetDetailView.swift in Sources */ = {isa = PBXBuildFile; fileRef = 87940F202A8BD602001312B1 /* PetDetailView.swift */; };
		87940F232A8BD988001312B1 /* AddPetView.swift in Sources */ = {isa = PBXBuildFile; fileRef = 87940F222A8BD988001312B1 /* AddPetView.swift */; };
		87940F262A8BDF0E001312B1 /* petInfoModel.xcdatamodeld in Sources */ = {isa = PBXBuildFile; fileRef = 87940F242A8BDF0E001312B1 /* petInfoModel.xcdatamodeld */; };
		87940F2A2A8BE6F5001312B1 /* Pet.swift in Sources */ = {isa = PBXBuildFile; fileRef = 87940F292A8BE6F5001312B1 /* Pet.swift */; };
/* End PBXBuildFile section */

/* Begin PBXContainerItemProxy section */
		87940F042A8BD48F001312B1 /* PBXContainerItemProxy */ = {
			isa = PBXContainerItemProxy;
			containerPortal = 87940EE52A8BD48E001312B1 /* Project object */;
			proxyType = 1;
			remoteGlobalIDString = 87940EEC2A8BD48E001312B1;
			remoteInfo = petMinder;
		};
		87940F0E2A8BD48F001312B1 /* PBXContainerItemProxy */ = {
			isa = PBXContainerItemProxy;
			containerPortal = 87940EE52A8BD48E001312B1 /* Project object */;
			proxyType = 1;
			remoteGlobalIDString = 87940EEC2A8BD48E001312B1;
			remoteInfo = petMinder;
		};
/* End PBXContainerItemProxy section */

/* Begin PBXFileReference section */
		87940EED2A8BD48E001312B1 /* petMinder.app */ = {isa = PBXFileReference; explicitFileType = wrapper.application; includeInIndex = 0; path = petMinder.app; sourceTree = BUILT_PRODUCTS_DIR; };
		87940EF02A8BD48E001312B1 /* petMinderApp.swift */ = {isa = PBXFileReference; lastKnownFileType = sourcecode.swift; path = petMinderApp.swift; sourceTree = "<group>"; };
		87940EF22A8BD48E001312B1 /* ContentView.swift */ = {isa = PBXFileReference; lastKnownFileType = sourcecode.swift; path = ContentView.swift; sourceTree = "<group>"; };
		87940EF42A8BD48F001312B1 /* Assets.xcassets */ = {isa = PBXFileReference; lastKnownFileType = folder.assetcatalog; path = Assets.xcassets; sourceTree = "<group>"; };
		87940EF72A8BD48F001312B1 /* Preview Assets.xcassets */ = {isa = PBXFileReference; lastKnownFileType = folder.assetcatalog; path = "Preview Assets.xcassets"; sourceTree = "<group>"; };
		87940EF92A8BD48F001312B1 /* Persistence.swift */ = {isa = PBXFileReference; lastKnownFileType = sourcecode.swift; path = Persistence.swift; sourceTree = "<group>"; };
		87940EFC2A8BD48F001312B1 /* petMinder.xcdatamodel */ = {isa = PBXFileReference; lastKnownFileType = wrapper.xcdatamodel; path = petMinder.xcdatamodel; sourceTree = "<group>"; };
		87940EFE2A8BD48F001312B1 /* Info.plist */ = {isa = PBXFileReference; lastKnownFileType = text.plist.xml; path = Info.plist; sourceTree = "<group>"; };
		87940F032A8BD48F001312B1 /* petMinderTests.xctest */ = {isa = PBXFileReference; explicitFileType = wrapper.cfbundle; includeInIndex = 0; path = petMinderTests.xctest; sourceTree = BUILT_PRODUCTS_DIR; };
		87940F072A8BD48F001312B1 /* petMinderTests.swift */ = {isa = PBXFileReference; lastKnownFileType = sourcecode.swift; path = petMinderTests.swift; sourceTree = "<group>"; };
		87940F0D2A8BD48F001312B1 /* petMinderUITests.xctest */ = {isa = PBXFileReference; explicitFileType = wrapper.cfbundle; includeInIndex = 0; path = petMinderUITests.xctest; sourceTree = BUILT_PRODUCTS_DIR; };
		87940F112A8BD48F001312B1 /* petMinderUITests.swift */ = {isa = PBXFileReference; lastKnownFileType = sourcecode.swift; path = petMinderUITests.swift; sourceTree = "<group>"; };
		87940F132A8BD48F001312B1 /* petMinderUITestsLaunchTests.swift */ = {isa = PBXFileReference; lastKnownFileType = sourcecode.swift; path = petMinderUITestsLaunchTests.swift; sourceTree = "<group>"; };
		87940F202A8BD602001312B1 /* PetDetailView.swift */ = {isa = PBXFileReference; lastKnownFileType = sourcecode.swift; path = PetDetailView.swift; sourceTree = "<group>"; };
		87940F222A8BD988001312B1 /* AddPetView.swift */ = {isa = PBXFileReference; lastKnownFileType = sourcecode.swift; path = AddPetView.swift; sourceTree = "<group>"; };
		87940F252A8BDF0E001312B1 /* petInfoModel.xcdatamodel */ = {isa = PBXFileReference; lastKnownFileType = wrapper.xcdatamodel; path = petInfoModel.xcdatamodel; sourceTree = "<group>"; };
		87940F292A8BE6F5001312B1 /* Pet.swift */ = {isa = PBXFileReference; lastKnownFileType = sourcecode.swift; path = Pet.swift; sourceTree = "<group>"; };
/* End PBXFileReference section */

/* Begin PBXFrameworksBuildPhase section */
		87940EEA2A8BD48E001312B1 /* Frameworks */ = {
			isa = PBXFrameworksBuildPhase;
			buildActionMask = 2147483647;
			files = (
			);
			runOnlyForDeploymentPostprocessing = 0;
		};
		87940F002A8BD48F001312B1 /* Frameworks */ = {
			isa = PBXFrameworksBuildPhase;
			buildActionMask = 2147483647;
			files = (
			);
			runOnlyForDeploymentPostprocessing = 0;
		};
		87940F0A2A8BD48F001312B1 /* Frameworks */ = {
			isa = PBXFrameworksBuildPhase;
			buildActionMask = 2147483647;
			files = (
			);
			runOnlyForDeploymentPostprocessing = 0;
		};
/* End PBXFrameworksBuildPhase section */

/* Begin PBXGroup section */
		87940EE42A8BD48E001312B1 = {
			isa = PBXGroup;
			children = (
				87940EEF2A8BD48E001312B1 /* petMinder */,
				87940F062A8BD48F001312B1 /* petMinderTests */,
				87940F102A8BD48F001312B1 /* petMinderUITests */,
				87940EEE2A8BD48E001312B1 /* Products */,
			);
			sourceTree = "<group>";
		};
		87940EEE2A8BD48E001312B1 /* Products */ = {
			isa = PBXGroup;
			children = (
				87940EED2A8BD48E001312B1 /* petMinder.app */,
				87940F032A8BD48F001312B1 /* petMinderTests.xctest */,
				87940F0D2A8BD48F001312B1 /* petMinderUITests.xctest */,
			);
			name = Products;
			sourceTree = "<group>";
		};
		87940EEF2A8BD48E001312B1 /* petMinder */ = {
			isa = PBXGroup;
			children = (
				87940EF02A8BD48E001312B1 /* petMinderApp.swift */,
				87940EF22A8BD48E001312B1 /* ContentView.swift */,
				87940EF42A8BD48F001312B1 /* Assets.xcassets */,
				87940EF92A8BD48F001312B1 /* Persistence.swift */,
				87940EFE2A8BD48F001312B1 /* Info.plist */,
				87940F242A8BDF0E001312B1 /* petInfoModel.xcdatamodeld */,
				87940EFB2A8BD48F001312B1 /* petMinder.xcdatamodeld */,
				87940EF62A8BD48F001312B1 /* Preview Content */,
				87940F202A8BD602001312B1 /* PetDetailView.swift */,
				87940F222A8BD988001312B1 /* AddPetView.swift */,
				87940F292A8BE6F5001312B1 /* Pet.swift */,
			);
			path = petMinder;
			sourceTree = "<group>";
		};
		87940EF62A8BD48F001312B1 /* Preview Content */ = {
			isa = PBXGroup;
			children = (
				87940EF72A8BD48F001312B1 /* Preview Assets.xcassets */,
			);
			path = "Preview Content";
			sourceTree = "<group>";
		};
		87940F062A8BD48F001312B1 /* petMinderTests */ = {
			isa = PBXGroup;
			children = (
				87940F072A8BD48F001312B1 /* petMinderTests.swift */,
			);
			path = petMinderTests;
			sourceTree = "<group>";
		};
		87940F102A8BD48F001312B1 /* petMinderUITests */ = {
			isa = PBXGroup;
			children = (
				87940F112A8BD48F001312B1 /* petMinderUITests.swift */,
				87940F132A8BD48F001312B1 /* petMinderUITestsLaunchTests.swift */,
			);
			path = petMinderUITests;
			sourceTree = "<group>";
		};
/* End PBXGroup section */

/* Begin PBXNativeTarget section */
		87940EEC2A8BD48E001312B1 /* petMinder */ = {
			isa = PBXNativeTarget;
			buildConfigurationList = 87940F172A8BD48F001312B1 /* Build configuration list for PBXNativeTarget "petMinder" */;
			buildPhases = (
				87940EE92A8BD48E001312B1 /* Sources */,
				87940EEA2A8BD48E001312B1 /* Frameworks */,
				87940EEB2A8BD48E001312B1 /* Resources */,
			);
			buildRules = (
			);
			dependencies = (
			);
			name = petMinder;
			productName = petMinder;
			productReference = 87940EED2A8BD48E001312B1 /* petMinder.app */;
			productType = "com.apple.product-type.application";
		};
		87940F022A8BD48F001312B1 /* petMinderTests */ = {
			isa = PBXNativeTarget;
			buildConfigurationList = 87940F1A2A8BD48F001312B1 /* Build configuration list for PBXNativeTarget "petMinderTests" */;
			buildPhases = (
				87940EFF2A8BD48F001312B1 /* Sources */,
				87940F002A8BD48F001312B1 /* Frameworks */,
				87940F012A8BD48F001312B1 /* Resources */,
			);
			buildRules = (
			);
			dependencies = (
				87940F052A8BD48F001312B1 /* PBXTargetDependency */,
			);
			name = petMinderTests;
			productName = petMinderTests;
			productReference = 87940F032A8BD48F001312B1 /* petMinderTests.xctest */;
			productType = "com.apple.product-type.bundle.unit-test";
		};
		87940F0C2A8BD48F001312B1 /* petMinderUITests */ = {
			isa = PBXNativeTarget;
			buildConfigurationList = 87940F1D2A8BD48F001312B1 /* Build configuration list for PBXNativeTarget "petMinderUITests" */;
			buildPhases = (
				87940F092A8BD48F001312B1 /* Sources */,
				87940F0A2A8BD48F001312B1 /* Frameworks */,
				87940F0B2A8BD48F001312B1 /* Resources */,
			);
			buildRules = (
			);
			dependencies = (
				87940F0F2A8BD48F001312B1 /* PBXTargetDependency */,
			);
			name = petMinderUITests;
			productName = petMinderUITests;
			productReference = 87940F0D2A8BD48F001312B1 /* petMinderUITests.xctest */;
			productType = "com.apple.product-type.bundle.ui-testing";
		};
/* End PBXNativeTarget section */

/* Begin PBXProject section */
		87940EE52A8BD48E001312B1 /* Project object */ = {
			isa = PBXProject;
			attributes = {
				BuildIndependentTargetsInParallel = 1;
				LastSwiftUpdateCheck = 1430;
				LastUpgradeCheck = 1430;
				TargetAttributes = {
					87940EEC2A8BD48E001312B1 = {
						CreatedOnToolsVersion = 14.3.1;
					};
					87940F022A8BD48F001312B1 = {
						CreatedOnToolsVersion = 14.3.1;
						TestTargetID = 87940EEC2A8BD48E001312B1;
					};
					87940F0C2A8BD48F001312B1 = {
						CreatedOnToolsVersion = 14.3.1;
						TestTargetID = 87940EEC2A8BD48E001312B1;
					};
				};
			};
			buildConfigurationList = 87940EE82A8BD48E001312B1 /* Build configuration list for PBXProject "petMinder" */;
			compatibilityVersion = "Xcode 14.0";
			developmentRegion = en;
			hasScannedForEncodings = 0;
			knownRegions = (
				en,
				Base,
			);
			mainGroup = 87940EE42A8BD48E001312B1;
			productRefGroup = 87940EEE2A8BD48E001312B1 /* Products */;
			projectDirPath = "";
			projectRoot = "";
			targets = (
				87940EEC2A8BD48E001312B1 /* petMinder */,
				87940F022A8BD48F001312B1 /* petMinderTests */,
				87940F0C2A8BD48F001312B1 /* petMinderUITests */,
			);
		};
/* End PBXProject section */

/* Begin PBXResourcesBuildPhase section */
		87940EEB2A8BD48E001312B1 /* Resources */ = {
			isa = PBXResourcesBuildPhase;
			buildActionMask = 2147483647;
			files = (
				87940EF82A8BD48F001312B1 /* Preview Assets.xcassets in Resources */,
				87940EF52A8BD48F001312B1 /* Assets.xcassets in Resources */,
			);
			runOnlyForDeploymentPostprocessing = 0;
		};
		87940F012A8BD48F001312B1 /* Resources */ = {
			isa = PBXResourcesBuildPhase;
			buildActionMask = 2147483647;
			files = (
			);
			runOnlyForDeploymentPostprocessing = 0;
		};
		87940F0B2A8BD48F001312B1 /* Resources */ = {
			isa = PBXResourcesBuildPhase;
			buildActionMask = 2147483647;
			files = (
			);
			runOnlyForDeploymentPostprocessing = 0;
		};
/* End PBXResourcesBuildPhase section */

/* Begin PBXSourcesBuildPhase section */
		87940EE92A8BD48E001312B1 /* Sources */ = {
			isa = PBXSourcesBuildPhase;
			buildActionMask = 2147483647;
			files = (
				87940EFA2A8BD48F001312B1 /* Persistence.swift in Sources */,
				87940F212A8BD602001312B1 /* PetDetailView.swift in Sources */,
				87940EF32A8BD48E001312B1 /* ContentView.swift in Sources */,
				87940F262A8BDF0E001312B1 /* petInfoModel.xcdatamodeld in Sources */,
				87940EFD2A8BD48F001312B1 /* petMinder.xcdatamodeld in Sources */,
				87940F2A2A8BE6F5001312B1 /* Pet.swift in Sources */,
				87940F232A8BD988001312B1 /* AddPetView.swift in Sources */,
				87940EF12A8BD48E001312B1 /* petMinderApp.swift in Sources */,
			);
			runOnlyForDeploymentPostprocessing = 0;
		};
		87940EFF2A8BD48F001312B1 /* Sources */ = {
			isa = PBXSourcesBuildPhase;
			buildActionMask = 2147483647;
			files = (
				87940F082A8BD48F001312B1 /* petMinderTests.swift in Sources */,
			);
			runOnlyForDeploymentPostprocessing = 0;
		};
		87940F092A8BD48F001312B1 /* Sources */ = {
			isa = PBXSourcesBuildPhase;
			buildActionMask = 2147483647;
			files = (
				87940F122A8BD48F001312B1 /* petMinderUITests.swift in Sources */,
				87940F142A8BD48F001312B1 /* petMinderUITestsLaunchTests.swift in Sources */,
			);
			runOnlyForDeploymentPostprocessing = 0;
		};
/* End PBXSourcesBuildPhase section */

/* Begin PBXTargetDependency section */
		87940F052A8BD48F001312B1 /* PBXTargetDependency */ = {
			isa = PBXTargetDependency;
			target = 87940EEC2A8BD48E001312B1 /* petMinder */;
			targetProxy = 87940F042A8BD48F001312B1 /* PBXContainerItemProxy */;
		};
		87940F0F2A8BD48F001312B1 /* PBXTargetDependency */ = {
			isa = PBXTargetDependency;
			target = 87940EEC2A8BD48E001312B1 /* petMinder */;
			targetProxy = 87940F0E2A8BD48F001312B1 /* PBXContainerItemProxy */;
		};
/* End PBXTargetDependency section */

/* Begin XCBuildConfiguration section */
		87940F152A8BD48F001312B1 /* Debug */ = {
			isa = XCBuildConfiguration;
			buildSettings = {
				ALWAYS_SEARCH_USER_PATHS = NO;
				CLANG_ANALYZER_NONNULL = YES;
				CLANG_ANALYZER_NUMBER_OBJECT_CONVERSION = YES_AGGRESSIVE;
				CLANG_CXX_LANGUAGE_STANDARD = "gnu++20";
				CLANG_ENABLE_MODULES = YES;
				CLANG_ENABLE_OBJC_ARC = YES;
				CLANG_ENABLE_OBJC_WEAK = YES;
				CLANG_WARN_BLOCK_CAPTURE_AUTORELEASING = YES;
				CLANG_WARN_BOOL_CONVERSION = YES;
				CLANG_WARN_COMMA = YES;
				CLANG_WARN_CONSTANT_CONVERSION = YES;
				CLANG_WARN_DEPRECATED_OBJC_IMPLEMENTATIONS = YES;
				CLANG_WARN_DIRECT_OBJC_ISA_USAGE = YES_ERROR;
				CLANG_WARN_DOCUMENTATION_COMMENTS = YES;
				CLANG_WARN_EMPTY_BODY = YES;
				CLANG_WARN_ENUM_CONVERSION = YES;
				CLANG_WARN_INFINITE_RECURSION = YES;
				CLANG_WARN_INT_CONVERSION = YES;
				CLANG_WARN_NON_LITERAL_NULL_CONVERSION = YES;
				CLANG_WARN_OBJC_IMPLICIT_RETAIN_SELF = YES;
				CLANG_WARN_OBJC_LITERAL_CONVERSION = YES;
				CLANG_WARN_OBJC_ROOT_CLASS = YES_ERROR;
				CLANG_WARN_QUOTED_INCLUDE_IN_FRAMEWORK_HEADER = YES;
				CLANG_WARN_RANGE_LOOP_ANALYSIS = YES;
				CLANG_WARN_STRICT_PROTOTYPES = YES;
				CLANG_WARN_SUSPICIOUS_MOVE = YES;
				CLANG_WARN_UNGUARDED_AVAILABILITY = YES_AGGRESSIVE;
				CLANG_WARN_UNREACHABLE_CODE = YES;
				CLANG_WARN__DUPLICATE_METHOD_MATCH = YES;
				COPY_PHASE_STRIP = NO;
				DEBUG_INFORMATION_FORMAT = dwarf;
				ENABLE_STRICT_OBJC_MSGSEND = YES;
				ENABLE_TESTABILITY = YES;
				GCC_C_LANGUAGE_STANDARD = gnu11;
				GCC_DYNAMIC_NO_PIC = NO;
				GCC_NO_COMMON_BLOCKS = YES;
				GCC_OPTIMIZATION_LEVEL = 0;
				GCC_PREPROCESSOR_DEFINITIONS = (
					"DEBUG=1",
					"$(inherited)",
				);
				GCC_WARN_64_TO_32_BIT_CONVERSION = YES;
				GCC_WARN_ABOUT_RETURN_TYPE = YES_ERROR;
				GCC_WARN_UNDECLARED_SELECTOR = YES;
				GCC_WARN_UNINITIALIZED_AUTOS = YES_AGGRESSIVE;
				GCC_WARN_UNUSED_FUNCTION = YES;
				GCC_WARN_UNUSED_VARIABLE = YES;
				IPHONEOS_DEPLOYMENT_TARGET = 16.4;
				MTL_ENABLE_DEBUG_INFO = INCLUDE_SOURCE;
				MTL_FAST_MATH = YES;
				ONLY_ACTIVE_ARCH = YES;
				SDKROOT = iphoneos;
				SWIFT_ACTIVE_COMPILATION_CONDITIONS = DEBUG;
				SWIFT_OPTIMIZATION_LEVEL = "-Onone";
			};
			name = Debug;
		};
		87940F162A8BD48F001312B1 /* Release */ = {
			isa = XCBuildConfiguration;
			buildSettings = {
				ALWAYS_SEARCH_USER_PATHS = NO;
				CLANG_ANALYZER_NONNULL = YES;
				CLANG_ANALYZER_NUMBER_OBJECT_CONVERSION = YES_AGGRESSIVE;
				CLANG_CXX_LANGUAGE_STANDARD = "gnu++20";
				CLANG_ENABLE_MODULES = YES;
				CLANG_ENABLE_OBJC_ARC = YES;
				CLANG_ENABLE_OBJC_WEAK = YES;
				CLANG_WARN_BLOCK_CAPTURE_AUTORELEASING = YES;
				CLANG_WARN_BOOL_CONVERSION = YES;
				CLANG_WARN_COMMA = YES;
				CLANG_WARN_CONSTANT_CONVERSION = YES;
				CLANG_WARN_DEPRECATED_OBJC_IMPLEMENTATIONS = YES;
				CLANG_WARN_DIRECT_OBJC_ISA_USAGE = YES_ERROR;
				CLANG_WARN_DOCUMENTATION_COMMENTS = YES;
				CLANG_WARN_EMPTY_BODY = YES;
				CLANG_WARN_ENUM_CONVERSION = YES;
				CLANG_WARN_INFINITE_RECURSION = YES;
				CLANG_WARN_INT_CONVERSION = YES;
				CLANG_WARN_NON_LITERAL_NULL_CONVERSION = YES;
				CLANG_WARN_OBJC_IMPLICIT_RETAIN_SELF = YES;
				CLANG_WARN_OBJC_LITERAL_CONVERSION = YES;
				CLANG_WARN_OBJC_ROOT_CLASS = YES_ERROR;
				CLANG_WARN_QUOTED_INCLUDE_IN_FRAMEWORK_HEADER = YES;
				CLANG_WARN_RANGE_LOOP_ANALYSIS = YES;
				CLANG_WARN_STRICT_PROTOTYPES = YES;
				CLANG_WARN_SUSPICIOUS_MOVE = YES;
				CLANG_WARN_UNGUARDED_AVAILABILITY = YES_AGGRESSIVE;
				CLANG_WARN_UNREACHABLE_CODE = YES;
				CLANG_WARN__DUPLICATE_METHOD_MATCH = YES;
				COPY_PHASE_STRIP = NO;
				DEBUG_INFORMATION_FORMAT = "dwarf-with-dsym";
				ENABLE_NS_ASSERTIONS = NO;
				ENABLE_STRICT_OBJC_MSGSEND = YES;
				GCC_C_LANGUAGE_STANDARD = gnu11;
				GCC_NO_COMMON_BLOCKS = YES;
				GCC_WARN_64_TO_32_BIT_CONVERSION = YES;
				GCC_WARN_ABOUT_RETURN_TYPE = YES_ERROR;
				GCC_WARN_UNDECLARED_SELECTOR = YES;
				GCC_WARN_UNINITIALIZED_AUTOS = YES_AGGRESSIVE;
				GCC_WARN_UNUSED_FUNCTION = YES;
				GCC_WARN_UNUSED_VARIABLE = YES;
				IPHONEOS_DEPLOYMENT_TARGET = 16.4;
				MTL_ENABLE_DEBUG_INFO = NO;
				MTL_FAST_MATH = YES;
				SDKROOT = iphoneos;
				SWIFT_COMPILATION_MODE = wholemodule;
				SWIFT_OPTIMIZATION_LEVEL = "-O";
				VALIDATE_PRODUCT = YES;
			};
			name = Release;
		};
		87940F182A8BD48F001312B1 /* Debug */ = {
			isa = XCBuildConfiguration;
			buildSettings = {
				ASSETCATALOG_COMPILER_APPICON_NAME = AppIcon;
				ASSETCATALOG_COMPILER_GLOBAL_ACCENT_COLOR_NAME = AccentColor;
				CODE_SIGN_STYLE = Automatic;
				CURRENT_PROJECT_VERSION = 1;
				DEVELOPMENT_ASSET_PATHS = "\"petMinder/Preview Content\"";
				ENABLE_PREVIEWS = YES;
				GENERATE_INFOPLIST_FILE = YES;
				INFOPLIST_KEY_UIApplicationSceneManifest_Generation = YES;
				INFOPLIST_KEY_UIApplicationSupportsIndirectInputEvents = YES;
				INFOPLIST_KEY_UILaunchScreen_Generation = YES;
				INFOPLIST_KEY_UISupportedInterfaceOrientations_iPad = "UIInterfaceOrientationPortrait UIInterfaceOrientationPortraitUpsideDown UIInterfaceOrientationLandscapeLeft UIInterfaceOrientationLandscapeRight";
				INFOPLIST_KEY_UISupportedInterfaceOrientations_iPhone = "UIInterfaceOrientationPortrait UIInterfaceOrientationLandscapeLeft UIInterfaceOrientationLandscapeRight";
				LD_RUNPATH_SEARCH_PATHS = (
					"$(inherited)",
					"@executable_path/Frameworks",
				);
				MARKETING_VERSION = 1.0;
				PRODUCT_BUNDLE_IDENTIFIER = com.passBuddy.petMinder;
				PRODUCT_NAME = "$(TARGET_NAME)";
				SWIFT_EMIT_LOC_STRINGS = YES;
				SWIFT_VERSION = 5.0;
				TARGETED_DEVICE_FAMILY = "1,2";
			};
			name = Debug;
		};
		87940F192A8BD48F001312B1 /* Release */ = {
			isa = XCBuildConfiguration;
			buildSettings = {
				ASSETCATALOG_COMPILER_APPICON_NAME = AppIcon;
				ASSETCATALOG_COMPILER_GLOBAL_ACCENT_COLOR_NAME = AccentColor;
				CODE_SIGN_STYLE = Automatic;
				CURRENT_PROJECT_VERSION = 1;
				DEVELOPMENT_ASSET_PATHS = "\"petMinder/Preview Content\"";
				ENABLE_PREVIEWS = YES;
				GENERATE_INFOPLIST_FILE = YES;
				INFOPLIST_KEY_UIApplicationSceneManifest_Generation = YES;
				INFOPLIST_KEY_UIApplicationSupportsIndirectInputEvents = YES;
				INFOPLIST_KEY_UILaunchScreen_Generation = YES;
				INFOPLIST_KEY_UISupportedInterfaceOrientations_iPad = "UIInterfaceOrientationPortrait UIInterfaceOrientationPortraitUpsideDown UIInterfaceOrientationLandscapeLeft UIInterfaceOrientationLandscapeRight";
				INFOPLIST_KEY_UISupportedInterfaceOrientations_iPhone = "UIInterfaceOrientationPortrait UIInterfaceOrientationLandscapeLeft UIInterfaceOrientationLandscapeRight";
				LD_RUNPATH_SEARCH_PATHS = (
					"$(inherited)",
					"@executable_path/Frameworks",
				);
				MARKETING_VERSION = 1.0;
				PRODUCT_BUNDLE_IDENTIFIER = com.passBuddy.petMinder;
				PRODUCT_NAME = "$(TARGET_NAME)";
				SWIFT_EMIT_LOC_STRINGS = YES;
				SWIFT_VERSION = 5.0;
				TARGETED_DEVICE_FAMILY = "1,2";
			};
			name = Release;
		};
		87940F1B2A8BD48F001312B1 /* Debug */ = {
			isa = XCBuildConfiguration;
			buildSettings = {
				ALWAYS_EMBED_SWIFT_STANDARD_LIBRARIES = YES;
				BUNDLE_LOADER = "$(TEST_HOST)";
				CODE_SIGN_STYLE = Automatic;
				CURRENT_PROJECT_VERSION = 1;
				GENERATE_INFOPLIST_FILE = YES;
				IPHONEOS_DEPLOYMENT_TARGET = 16.4;
				MARKETING_VERSION = 1.0;
				PRODUCT_BUNDLE_IDENTIFIER = com.passBuddy.petMinderTests;
				PRODUCT_NAME = "$(TARGET_NAME)";
				SWIFT_EMIT_LOC_STRINGS = NO;
				SWIFT_VERSION = 5.0;
				TARGETED_DEVICE_FAMILY = "1,2";
				TEST_HOST = "$(BUILT_PRODUCTS_DIR)/petMinder.app/$(BUNDLE_EXECUTABLE_FOLDER_PATH)/petMinder";
			};
			name = Debug;
		};
		87940F1C2A8BD48F001312B1 /* Release */ = {
			isa = XCBuildConfiguration;
			buildSettings = {
				ALWAYS_EMBED_SWIFT_STANDARD_LIBRARIES = YES;
				BUNDLE_LOADER = "$(TEST_HOST)";
				CODE_SIGN_STYLE = Automatic;
				CURRENT_PROJECT_VERSION = 1;
				GENERATE_INFOPLIST_FILE = YES;
				IPHONEOS_DEPLOYMENT_TARGET = 16.4;
				MARKETING_VERSION = 1.0;
				PRODUCT_BUNDLE_IDENTIFIER = com.passBuddy.petMinderTests;
				PRODUCT_NAME = "$(TARGET_NAME)";
				SWIFT_EMIT_LOC_STRINGS = NO;
				SWIFT_VERSION = 5.0;
				TARGETED_DEVICE_FAMILY = "1,2";
				TEST_HOST = "$(BUILT_PRODUCTS_DIR)/petMinder.app/$(BUNDLE_EXECUTABLE_FOLDER_PATH)/petMinder";
			};
			name = Release;
		};
		87940F1E2A8BD48F001312B1 /* Debug */ = {
			isa = XCBuildConfiguration;
			buildSettings = {
				ALWAYS_EMBED_SWIFT_STANDARD_LIBRARIES = YES;
				CODE_SIGN_STYLE = Automatic;
				CURRENT_PROJECT_VERSION = 1;
				GENERATE_INFOPLIST_FILE = YES;
				MARKETING_VERSION = 1.0;
				PRODUCT_BUNDLE_IDENTIFIER = com.passBuddy.petMinderUITests;
				PRODUCT_NAME = "$(TARGET_NAME)";
				SWIFT_EMIT_LOC_STRINGS = NO;
				SWIFT_VERSION = 5.0;
				TARGETED_DEVICE_FAMILY = "1,2";
				TEST_TARGET_NAME = petMinder;
			};
			name = Debug;
		};
		87940F1F2A8BD48F001312B1 /* Release */ = {
			isa = XCBuildConfiguration;
			buildSettings = {
				ALWAYS_EMBED_SWIFT_STANDARD_LIBRARIES = YES;
				CODE_SIGN_STYLE = Automatic;
				CURRENT_PROJECT_VERSION = 1;
				GENERATE_INFOPLIST_FILE = YES;
				MARKETING_VERSION = 1.0;
				PRODUCT_BUNDLE_IDENTIFIER = com.passBuddy.petMinderUITests;
				PRODUCT_NAME = "$(TARGET_NAME)";
				SWIFT_EMIT_LOC_STRINGS = NO;
				SWIFT_VERSION = 5.0;
				TARGETED_DEVICE_FAMILY = "1,2";
				TEST_TARGET_NAME = petMinder;
			};
			name = Release;
		};
/* End XCBuildConfiguration section */

/* Begin XCConfigurationList section */
		87940EE82A8BD48E001312B1 /* Build configuration list for PBXProject "petMinder" */ = {
			isa = XCConfigurationList;
			buildConfigurations = (
				87940F152A8BD48F001312B1 /* Debug */,
				87940F162A8BD48F001312B1 /* Release */,
			);
			defaultConfigurationIsVisible = 0;
			defaultConfigurationName = Release;
		};
		87940F172A8BD48F001312B1 /* Build configuration list for PBXNativeTarget "petMinder" */ = {
			isa = XCConfigurationList;
			buildConfigurations = (
				87940F182A8BD48F001312B1 /* Debug */,
				87940F192A8BD48F001312B1 /* Release */,
			);
			defaultConfigurationIsVisible = 0;
			defaultConfigurationName = Release;
		};
		87940F1A2A8BD48F001312B1 /* Build configuration list for PBXNativeTarget "petMinderTests" */ = {
			isa = XCConfigurationList;
			buildConfigurations = (
				87940F1B2A8BD48F001312B1 /* Debug */,
				87940F1C2A8BD48F001312B1 /* Release */,
			);
			defaultConfigurationIsVisible = 0;
			defaultConfigurationName = Release;
		};
		87940F1D2A8BD48F001312B1 /* Build configuration list for PBXNativeTarget "petMinderUITests" */ = {
			isa = XCConfigurationList;
			buildConfigurations = (
				87940F1E2A8BD48F001312B1 /* Debug */,
				87940F1F2A8BD48F001312B1 /* Release */,
			);
			defaultConfigurationIsVisible = 0;
			defaultConfigurationName = Release;
		};
/* End XCConfigurationList section */

/* Begin XCVersionGroup section */
		87940EFB2A8BD48F001312B1 /* petMinder.xcdatamodeld */ = {
			isa = XCVersionGroup;
			children = (
				87940EFC2A8BD48F001312B1 /* petMinder.xcdatamodel */,
			);
			currentVersion = 87940EFC2A8BD48F001312B1 /* petMinder.xcdatamodel */;
			path = petMinder.xcdatamodeld;
			sourceTree = "<group>";
			versionGroupType = wrapper.xcdatamodel;
		};
		87940F242A8BDF0E001312B1 /* petInfoModel.xcdatamodeld */ = {
			isa = XCVersionGroup;
			children = (
				87940F252A8BDF0E001312B1 /* petInfoModel.xcdatamodel */,
			);
			currentVersion = 87940F252A8BDF0E001312B1 /* petInfoModel.xcdatamodel */;
			path = petInfoModel.xcdatamodeld;
			sourceTree = "<group>";
			versionGroupType = wrapper.xcdatamodel;
		};
/* End XCVersionGroup section */
	};
	rootObject = 87940EE52A8BD48E001312B1 /* Project object */;
}
